// !$*UTF8*$!
{
	archiveVersion = 1;
	classes = {
	};
	objectVersion = 56;
	objects = {

/* Begin PBXBuildFile section */
		407E8B502CBA2E7E00D58055 /* AppDelegate.swift in Sources */ = {isa = PBXBuildFile; fileRef = 407E8B4F2CBA2E7E00D58055 /* AppDelegate.swift */; };
		407E8B522CBA2E7E00D58055 /* SceneDelegate.swift in Sources */ = {isa = PBXBuildFile; fileRef = 407E8B512CBA2E7E00D58055 /* SceneDelegate.swift */; };
		407E8B542CBA2E7E00D58055 /* ViewController.swift in Sources */ = {isa = PBXBuildFile; fileRef = 407E8B532CBA2E7E00D58055 /* ViewController.swift */; };
		407E8B572CBA2E7E00D58055 /* Base in Resources */ = {isa = PBXBuildFile; fileRef = 407E8B562CBA2E7E00D58055 /* Base */; };
		407E8B5A2CBA2E7E00D58055 /* Project19___JavaScriptInjection.xcdatamodeld in Sources */ = {isa = PBXBuildFile; fileRef = 407E8B582CBA2E7E00D58055 /* Project19___JavaScriptInjection.xcdatamodeld */; };
		407E8B5C2CBA2E8500D58055 /* Assets.xcassets in Resources */ = {isa = PBXBuildFile; fileRef = 407E8B5B2CBA2E8500D58055 /* Assets.xcassets */; };
		407E8B5F2CBA2E8500D58055 /* Base in Resources */ = {isa = PBXBuildFile; fileRef = 407E8B5E2CBA2E8500D58055 /* Base */; };
		407E8B6D2CBA30A300D58055 /* UniformTypeIdentifiers.framework in Frameworks */ = {isa = PBXBuildFile; fileRef = 407E8B6C2CBA30A300D58055 /* UniformTypeIdentifiers.framework */; };
		407E8B702CBA30A300D58055 /* Media.xcassets in Resources */ = {isa = PBXBuildFile; fileRef = 407E8B6F2CBA30A300D58055 /* Media.xcassets */; };
		407E8B722CBA30A300D58055 /* ActionVC.swift in Sources */ = {isa = PBXBuildFile; fileRef = 407E8B712CBA30A300D58055 /* ActionVC.swift */; };
		407E8B752CBA30A300D58055 /* Base in Resources */ = {isa = PBXBuildFile; fileRef = 407E8B742CBA30A300D58055 /* Base */; };
		407E8B792CBA30A300D58055 /* Extension.appex in Embed Foundation Extensions */ = {isa = PBXBuildFile; fileRef = 407E8B6A2CBA30A300D58055 /* Extension.appex */; settings = {ATTRIBUTES = (RemoveHeadersOnCopy, ); }; };
		407E8B7F2CBA3BCD00D58055 /* Action.js in Resources */ = {isa = PBXBuildFile; fileRef = 407E8B7E2CBA3BCD00D58055 /* Action.js */; };
		407E8BC02CC93A0200D58055 /* Constants+Utils.swift in Sources */ = {isa = PBXBuildFile; fileRef = 407E8BBF2CC93A0200D58055 /* Constants+Utils.swift */; };
		407E8BC42CC93BA200D58055 /* UserScriptsVC.swift in Sources */ = {isa = PBXBuildFile; fileRef = 407E8BBD2CC81F3F00D58055 /* UserScriptsVC.swift */; };
		407E8BC62CCA9DED00D58055 /* UIAlertController+Ext.swift in Sources */ = {isa = PBXBuildFile; fileRef = 407E8BC52CCA9DEC00D58055 /* UIAlertController+Ext.swift */; };
/* End PBXBuildFile section */

/* Begin PBXContainerItemProxy section */
		407E8B772CBA30A300D58055 /* PBXContainerItemProxy */ = {
			isa = PBXContainerItemProxy;
			containerPortal = 407E8B442CBA2E7E00D58055 /* Project object */;
			proxyType = 1;
			remoteGlobalIDString = 407E8B692CBA30A300D58055;
			remoteInfo = Extension;
		};
/* End PBXContainerItemProxy section */

/* Begin PBXCopyFilesBuildPhase section */
		407E8B7D2CBA30A300D58055 /* Embed Foundation Extensions */ = {
			isa = PBXCopyFilesBuildPhase;
			buildActionMask = 2147483647;
			dstPath = "";
			dstSubfolderSpec = 13;
			files = (
				407E8B792CBA30A300D58055 /* Extension.appex in Embed Foundation Extensions */,
			);
			name = "Embed Foundation Extensions";
			runOnlyForDeploymentPostprocessing = 0;
		};
/* End PBXCopyFilesBuildPhase section */

/* Begin PBXFileReference section */
		407E8B4C2CBA2E7E00D58055 /* Project19 - JavaScriptInjection.app */ = {isa = PBXFileReference; explicitFileType = wrapper.application; includeInIndex = 0; path = "Project19 - JavaScriptInjection.app"; sourceTree = BUILT_PRODUCTS_DIR; };
		407E8B4F2CBA2E7E00D58055 /* AppDelegate.swift */ = {isa = PBXFileReference; lastKnownFileType = sourcecode.swift; path = AppDelegate.swift; sourceTree = "<group>"; };
		407E8B512CBA2E7E00D58055 /* SceneDelegate.swift */ = {isa = PBXFileReference; lastKnownFileType = sourcecode.swift; path = SceneDelegate.swift; sourceTree = "<group>"; };
		407E8B532CBA2E7E00D58055 /* ViewController.swift */ = {isa = PBXFileReference; lastKnownFileType = sourcecode.swift; path = ViewController.swift; sourceTree = "<group>"; };
		407E8B562CBA2E7E00D58055 /* Base */ = {isa = PBXFileReference; lastKnownFileType = file.storyboard; name = Base; path = Base.lproj/Main.storyboard; sourceTree = "<group>"; };
		407E8B592CBA2E7E00D58055 /* Project19___JavaScriptInjection.xcdatamodel */ = {isa = PBXFileReference; lastKnownFileType = wrapper.xcdatamodel; path = "Project19___JavaScriptInjection.xcdatamodel"; sourceTree = "<group>"; };
		407E8B5B2CBA2E8500D58055 /* Assets.xcassets */ = {isa = PBXFileReference; lastKnownFileType = folder.assetcatalog; path = Assets.xcassets; sourceTree = "<group>"; };
		407E8B5E2CBA2E8500D58055 /* Base */ = {isa = PBXFileReference; lastKnownFileType = file.storyboard; name = Base; path = Base.lproj/LaunchScreen.storyboard; sourceTree = "<group>"; };
		407E8B602CBA2E8500D58055 /* Info.plist */ = {isa = PBXFileReference; lastKnownFileType = text.plist.xml; path = Info.plist; sourceTree = "<group>"; };
		407E8B6A2CBA30A300D58055 /* Extension.appex */ = {isa = PBXFileReference; explicitFileType = "wrapper.app-extension"; includeInIndex = 0; path = Extension.appex; sourceTree = BUILT_PRODUCTS_DIR; };
		407E8B6C2CBA30A300D58055 /* UniformTypeIdentifiers.framework */ = {isa = PBXFileReference; lastKnownFileType = wrapper.framework; name = UniformTypeIdentifiers.framework; path = System/Library/Frameworks/UniformTypeIdentifiers.framework; sourceTree = SDKROOT; };
		407E8B6F2CBA30A300D58055 /* Media.xcassets */ = {isa = PBXFileReference; lastKnownFileType = folder.assetcatalog; path = Media.xcassets; sourceTree = "<group>"; };
		407E8B712CBA30A300D58055 /* ActionVC.swift */ = {isa = PBXFileReference; lastKnownFileType = sourcecode.swift; path = ActionVC.swift; sourceTree = "<group>"; };
		407E8B742CBA30A300D58055 /* Base */ = {isa = PBXFileReference; lastKnownFileType = file.storyboard; name = Base; path = Base.lproj/MainInterface.storyboard; sourceTree = "<group>"; };
		407E8B762CBA30A300D58055 /* Info.plist */ = {isa = PBXFileReference; lastKnownFileType = text.plist.xml; path = Info.plist; sourceTree = "<group>"; };
		407E8B7E2CBA3BCD00D58055 /* Action.js */ = {isa = PBXFileReference; lastKnownFileType = sourcecode.javascript; path = Action.js; sourceTree = "<group>"; };
		407E8BBD2CC81F3F00D58055 /* UserScriptsVC.swift */ = {isa = PBXFileReference; lastKnownFileType = sourcecode.swift; path = UserScriptsVC.swift; sourceTree = "<group>"; };
		407E8BBF2CC93A0200D58055 /* Constants+Utils.swift */ = {isa = PBXFileReference; lastKnownFileType = sourcecode.swift; path = "Constants+Utils.swift"; sourceTree = "<group>"; };
		407E8BC52CCA9DEC00D58055 /* UIAlertController+Ext.swift */ = {isa = PBXFileReference; lastKnownFileType = sourcecode.swift; path = "UIAlertController+Ext.swift"; sourceTree = "<group>"; };
/* End PBXFileReference section */

/* Begin PBXFrameworksBuildPhase section */
		407E8B492CBA2E7E00D58055 /* Frameworks */ = {
			isa = PBXFrameworksBuildPhase;
			buildActionMask = 2147483647;
			files = (
			);
			runOnlyForDeploymentPostprocessing = 0;
		};
		407E8B672CBA30A300D58055 /* Frameworks */ = {
			isa = PBXFrameworksBuildPhase;
			buildActionMask = 2147483647;
			files = (
				407E8B6D2CBA30A300D58055 /* UniformTypeIdentifiers.framework in Frameworks */,
			);
			runOnlyForDeploymentPostprocessing = 0;
		};
/* End PBXFrameworksBuildPhase section */

/* Begin PBXGroup section */
		407E8B432CBA2E7E00D58055 = {
			isa = PBXGroup;
			children = (
				407E8B4E2CBA2E7E00D58055 /* Project19 - JavaScriptInjection */,
				407E8B6E2CBA30A300D58055 /* Extension */,
				407E8B6B2CBA30A300D58055 /* Frameworks */,
				407E8B4D2CBA2E7E00D58055 /* Products */,
			);
			sourceTree = "<group>";
		};
		407E8B4D2CBA2E7E00D58055 /* Products */ = {
			isa = PBXGroup;
			children = (
				407E8B4C2CBA2E7E00D58055 /* Project19 - JavaScriptInjection.app */,
				407E8B6A2CBA30A300D58055 /* Extension.appex */,
			);
			name = Products;
			sourceTree = "<group>";
		};
		407E8B4E2CBA2E7E00D58055 /* Project19 - JavaScriptInjection */ = {
			isa = PBXGroup;
			children = (
				407E8B4F2CBA2E7E00D58055 /* AppDelegate.swift */,
				407E8B512CBA2E7E00D58055 /* SceneDelegate.swift */,
				407E8B5D2CBA2E8500D58055 /* LaunchScreen.storyboard */,
				407E8B552CBA2E7E00D58055 /* Main.storyboard */,
				407E8BC32CC93AFA00D58055 /* Screens */,
				407E8B5B2CBA2E8500D58055 /* Assets.xcassets */,
				407E8B602CBA2E8500D58055 /* Info.plist */,
				407E8B582CBA2E7E00D58055 /* Project19___JavaScriptInjection.xcdatamodeld */,
			);
			path = "Project19 - JavaScriptInjection";
			sourceTree = "<group>";
		};
		407E8B6B2CBA30A300D58055 /* Frameworks */ = {
			isa = PBXGroup;
			children = (
				407E8B6C2CBA30A300D58055 /* UniformTypeIdentifiers.framework */,
			);
			name = Frameworks;
			sourceTree = "<group>";
		};
		407E8B6E2CBA30A300D58055 /* Extension */ = {
			isa = PBXGroup;
			children = (
				407E8BC72CCA9EB600D58055 /* Extensions */,
				407E8BC12CC93A0A00D58055 /* Utilities */,
				407E8BC22CC93AE700D58055 /* Screens */,
				407E8B732CBA30A300D58055 /* MainInterface.storyboard */,
				407E8B762CBA30A300D58055 /* Info.plist */,
				407E8B7E2CBA3BCD00D58055 /* Action.js */,
				407E8B6F2CBA30A300D58055 /* Media.xcassets */,
			);
			path = Extension;
			sourceTree = "<group>";
		};
		407E8BC12CC93A0A00D58055 /* Utilities */ = {
			isa = PBXGroup;
			children = (
				407E8BBF2CC93A0200D58055 /* Constants+Utils.swift */,
			);
			path = Utilities;
			sourceTree = "<group>";
		};
		407E8BC22CC93AE700D58055 /* Screens */ = {
			isa = PBXGroup;
			children = (
				407E8B712CBA30A300D58055 /* ActionVC.swift */,
				407E8BBD2CC81F3F00D58055 /* UserScriptsVC.swift */,
			);
			path = Screens;
			sourceTree = "<group>";
		};
		407E8BC32CC93AFA00D58055 /* Screens */ = {
			isa = PBXGroup;
			children = (
				407E8B532CBA2E7E00D58055 /* ViewController.swift */,
			);
			path = Screens;
			sourceTree = "<group>";
		};
		407E8BC72CCA9EB600D58055 /* Extensions */ = {
			isa = PBXGroup;
			children = (
				407E8BC52CCA9DEC00D58055 /* UIAlertController+Ext.swift */,
			);
			path = Extensions;
			sourceTree = "<group>";
		};
/* End PBXGroup section */

/* Begin PBXNativeTarget section */
		407E8B4B2CBA2E7E00D58055 /* Project19 - JavaScriptInjection */ = {
			isa = PBXNativeTarget;
			buildConfigurationList = 407E8B632CBA2E8500D58055 /* Build configuration list for PBXNativeTarget "Project19 - JavaScriptInjection" */;
			buildPhases = (
				407E8B482CBA2E7E00D58055 /* Sources */,
				407E8B492CBA2E7E00D58055 /* Frameworks */,
				407E8B4A2CBA2E7E00D58055 /* Resources */,
				407E8B7D2CBA30A300D58055 /* Embed Foundation Extensions */,
			);
			buildRules = (
			);
			dependencies = (
				407E8B782CBA30A300D58055 /* PBXTargetDependency */,
			);
			name = "Project19 - JavaScriptInjection";
			productName = "Project19 - JavaScriptInjection";
			productReference = 407E8B4C2CBA2E7E00D58055 /* Project19 - JavaScriptInjection.app */;
			productType = "com.apple.product-type.application";
		};
		407E8B692CBA30A300D58055 /* Extension */ = {
			isa = PBXNativeTarget;
			buildConfigurationList = 407E8B7A2CBA30A300D58055 /* Build configuration list for PBXNativeTarget "Extension" */;
			buildPhases = (
				407E8B662CBA30A300D58055 /* Sources */,
				407E8B672CBA30A300D58055 /* Frameworks */,
				407E8B682CBA30A300D58055 /* Resources */,
			);
			buildRules = (
			);
			dependencies = (
			);
			name = Extension;
			productName = Extension;
			productReference = 407E8B6A2CBA30A300D58055 /* Extension.appex */;
			productType = "com.apple.product-type.app-extension";
		};
/* End PBXNativeTarget section */

/* Begin PBXProject section */
		407E8B442CBA2E7E00D58055 /* Project object */ = {
			isa = PBXProject;
			attributes = {
				BuildIndependentTargetsInParallel = 1;
				LastSwiftUpdateCheck = 1540;
				LastUpgradeCheck = 1540;
				TargetAttributes = {
					407E8B4B2CBA2E7E00D58055 = {
						CreatedOnToolsVersion = 15.4;
					};
					407E8B692CBA30A300D58055 = {
						CreatedOnToolsVersion = 15.4;
					};
				};
			};
			buildConfigurationList = 407E8B472CBA2E7E00D58055 /* Build configuration list for PBXProject "Project19 - JavaScriptInjection" */;
			compatibilityVersion = "Xcode 14.0";
			developmentRegion = en;
			hasScannedForEncodings = 0;
			knownRegions = (
				en,
				Base,
			);
			mainGroup = 407E8B432CBA2E7E00D58055;
			productRefGroup = 407E8B4D2CBA2E7E00D58055 /* Products */;
			projectDirPath = "";
			projectRoot = "";
			targets = (
				407E8B4B2CBA2E7E00D58055 /* Project19 - JavaScriptInjection */,
				407E8B692CBA30A300D58055 /* Extension */,
			);
		};
/* End PBXProject section */

/* Begin PBXResourcesBuildPhase section */
		407E8B4A2CBA2E7E00D58055 /* Resources */ = {
			isa = PBXResourcesBuildPhase;
			buildActionMask = 2147483647;
			files = (
				407E8B5C2CBA2E8500D58055 /* Assets.xcassets in Resources */,
				407E8B5F2CBA2E8500D58055 /* Base in Resources */,
				407E8B572CBA2E7E00D58055 /* Base in Resources */,
			);
			runOnlyForDeploymentPostprocessing = 0;
		};
		407E8B682CBA30A300D58055 /* Resources */ = {
			isa = PBXResourcesBuildPhase;
			buildActionMask = 2147483647;
			files = (
				407E8B7F2CBA3BCD00D58055 /* Action.js in Resources */,
				407E8B702CBA30A300D58055 /* Media.xcassets in Resources */,
				407E8B752CBA30A300D58055 /* Base in Resources */,
			);
			runOnlyForDeploymentPostprocessing = 0;
		};
/* End PBXResourcesBuildPhase section */

/* Begin PBXSourcesBuildPhase section */
		407E8B482CBA2E7E00D58055 /* Sources */ = {
			isa = PBXSourcesBuildPhase;
			buildActionMask = 2147483647;
			files = (
				407E8B5A2CBA2E7E00D58055 /* Project19___JavaScriptInjection.xcdatamodeld in Sources */,
				407E8B542CBA2E7E00D58055 /* ViewController.swift in Sources */,
				407E8B502CBA2E7E00D58055 /* AppDelegate.swift in Sources */,
				407E8B522CBA2E7E00D58055 /* SceneDelegate.swift in Sources */,
			);
			runOnlyForDeploymentPostprocessing = 0;
		};
		407E8B662CBA30A300D58055 /* Sources */ = {
			isa = PBXSourcesBuildPhase;
			buildActionMask = 2147483647;
			files = (
				407E8BC62CCA9DED00D58055 /* UIAlertController+Ext.swift in Sources */,
				407E8B722CBA30A300D58055 /* ActionVC.swift in Sources */,
				407E8BC42CC93BA200D58055 /* UserScriptsVC.swift in Sources */,
				407E8BC02CC93A0200D58055 /* Constants+Utils.swift in Sources */,
			);
			runOnlyForDeploymentPostprocessing = 0;
		};
/* End PBXSourcesBuildPhase section */

/* Begin PBXTargetDependency section */
		407E8B782CBA30A300D58055 /* PBXTargetDependency */ = {
			isa = PBXTargetDependency;
			target = 407E8B692CBA30A300D58055 /* Extension */;
			targetProxy = 407E8B772CBA30A300D58055 /* PBXContainerItemProxy */;
		};
/* End PBXTargetDependency section */

/* Begin PBXVariantGroup section */
		407E8B552CBA2E7E00D58055 /* Main.storyboard */ = {
			isa = PBXVariantGroup;
			children = (
				407E8B562CBA2E7E00D58055 /* Base */,
			);
			name = Main.storyboard;
			sourceTree = "<group>";
		};
		407E8B5D2CBA2E8500D58055 /* LaunchScreen.storyboard */ = {
			isa = PBXVariantGroup;
			children = (
				407E8B5E2CBA2E8500D58055 /* Base */,
			);
			name = LaunchScreen.storyboard;
			sourceTree = "<group>";
		};
		407E8B732CBA30A300D58055 /* MainInterface.storyboard */ = {
			isa = PBXVariantGroup;
			children = (
				407E8B742CBA30A300D58055 /* Base */,
			);
			name = MainInterface.storyboard;
			sourceTree = "<group>";
		};
/* End PBXVariantGroup section */

/* Begin XCBuildConfiguration section */
		407E8B612CBA2E8500D58055 /* Debug */ = {
			isa = XCBuildConfiguration;
			buildSettings = {
				ALWAYS_SEARCH_USER_PATHS = NO;
				ASSETCATALOG_COMPILER_GENERATE_SWIFT_ASSET_SYMBOL_EXTENSIONS = YES;
				CLANG_ANALYZER_NONNULL = YES;
				CLANG_ANALYZER_NUMBER_OBJECT_CONVERSION = YES_AGGRESSIVE;
				CLANG_CXX_LANGUAGE_STANDARD = "gnu++20";
				CLANG_ENABLE_MODULES = YES;
				CLANG_ENABLE_OBJC_ARC = YES;
				CLANG_ENABLE_OBJC_WEAK = YES;
				CLANG_WARN_BLOCK_CAPTURE_AUTORELEASING = YES;
				CLANG_WARN_BOOL_CONVERSION = YES;
				CLANG_WARN_COMMA = YES;
				CLANG_WARN_CONSTANT_CONVERSION = YES;
				CLANG_WARN_DEPRECATED_OBJC_IMPLEMENTATIONS = YES;
				CLANG_WARN_DIRECT_OBJC_ISA_USAGE = YES_ERROR;
				CLANG_WARN_DOCUMENTATION_COMMENTS = YES;
				CLANG_WARN_EMPTY_BODY = YES;
				CLANG_WARN_ENUM_CONVERSION = YES;
				CLANG_WARN_INFINITE_RECURSION = YES;
				CLANG_WARN_INT_CONVERSION = YES;
				CLANG_WARN_NON_LITERAL_NULL_CONVERSION = YES;
				CLANG_WARN_OBJC_IMPLICIT_RETAIN_SELF = YES;
				CLANG_WARN_OBJC_LITERAL_CONVERSION = YES;
				CLANG_WARN_OBJC_ROOT_CLASS = YES_ERROR;
				CLANG_WARN_QUOTED_INCLUDE_IN_FRAMEWORK_HEADER = YES;
				CLANG_WARN_RANGE_LOOP_ANALYSIS = YES;
				CLANG_WARN_STRICT_PROTOTYPES = YES;
				CLANG_WARN_SUSPICIOUS_MOVE = YES;
				CLANG_WARN_UNGUARDED_AVAILABILITY = YES_AGGRESSIVE;
				CLANG_WARN_UNREACHABLE_CODE = YES;
				CLANG_WARN__DUPLICATE_METHOD_MATCH = YES;
				COPY_PHASE_STRIP = NO;
				DEBUG_INFORMATION_FORMAT = dwarf;
				ENABLE_STRICT_OBJC_MSGSEND = YES;
				ENABLE_TESTABILITY = YES;
				ENABLE_USER_SCRIPT_SANDBOXING = YES;
				GCC_C_LANGUAGE_STANDARD = gnu17;
				GCC_DYNAMIC_NO_PIC = NO;
				GCC_NO_COMMON_BLOCKS = YES;
				GCC_OPTIMIZATION_LEVEL = 0;
				GCC_PREPROCESSOR_DEFINITIONS = (
					"DEBUG=1",
					"$(inherited)",
				);
				GCC_WARN_64_TO_32_BIT_CONVERSION = YES;
				GCC_WARN_ABOUT_RETURN_TYPE = YES_ERROR;
				GCC_WARN_UNDECLARED_SELECTOR = YES;
				GCC_WARN_UNINITIALIZED_AUTOS = YES_AGGRESSIVE;
				GCC_WARN_UNUSED_FUNCTION = YES;
				GCC_WARN_UNUSED_VARIABLE = YES;
				IPHONEOS_DEPLOYMENT_TARGET = 17.5;
				LOCALIZATION_PREFERS_STRING_CATALOGS = YES;
				MTL_ENABLE_DEBUG_INFO = INCLUDE_SOURCE;
				MTL_FAST_MATH = YES;
				ONLY_ACTIVE_ARCH = YES;
				SDKROOT = iphoneos;
				SWIFT_ACTIVE_COMPILATION_CONDITIONS = "DEBUG $(inherited)";
				SWIFT_OPTIMIZATION_LEVEL = "-Onone";
			};
			name = Debug;
		};
		407E8B622CBA2E8500D58055 /* Release */ = {
			isa = XCBuildConfiguration;
			buildSettings = {
				ALWAYS_SEARCH_USER_PATHS = NO;
				ASSETCATALOG_COMPILER_GENERATE_SWIFT_ASSET_SYMBOL_EXTENSIONS = YES;
				CLANG_ANALYZER_NONNULL = YES;
				CLANG_ANALYZER_NUMBER_OBJECT_CONVERSION = YES_AGGRESSIVE;
				CLANG_CXX_LANGUAGE_STANDARD = "gnu++20";
				CLANG_ENABLE_MODULES = YES;
				CLANG_ENABLE_OBJC_ARC = YES;
				CLANG_ENABLE_OBJC_WEAK = YES;
				CLANG_WARN_BLOCK_CAPTURE_AUTORELEASING = YES;
				CLANG_WARN_BOOL_CONVERSION = YES;
				CLANG_WARN_COMMA = YES;
				CLANG_WARN_CONSTANT_CONVERSION = YES;
				CLANG_WARN_DEPRECATED_OBJC_IMPLEMENTATIONS = YES;
				CLANG_WARN_DIRECT_OBJC_ISA_USAGE = YES_ERROR;
				CLANG_WARN_DOCUMENTATION_COMMENTS = YES;
				CLANG_WARN_EMPTY_BODY = YES;
				CLANG_WARN_ENUM_CONVERSION = YES;
				CLANG_WARN_INFINITE_RECURSION = YES;
				CLANG_WARN_INT_CONVERSION = YES;
				CLANG_WARN_NON_LITERAL_NULL_CONVERSION = YES;
				CLANG_WARN_OBJC_IMPLICIT_RETAIN_SELF = YES;
				CLANG_WARN_OBJC_LITERAL_CONVERSION = YES;
				CLANG_WARN_OBJC_ROOT_CLASS = YES_ERROR;
				CLANG_WARN_QUOTED_INCLUDE_IN_FRAMEWORK_HEADER = YES;
				CLANG_WARN_RANGE_LOOP_ANALYSIS = YES;
				CLANG_WARN_STRICT_PROTOTYPES = YES;
				CLANG_WARN_SUSPICIOUS_MOVE = YES;
				CLANG_WARN_UNGUARDED_AVAILABILITY = YES_AGGRESSIVE;
				CLANG_WARN_UNREACHABLE_CODE = YES;
				CLANG_WARN__DUPLICATE_METHOD_MATCH = YES;
				COPY_PHASE_STRIP = NO;
				DEBUG_INFORMATION_FORMAT = "dwarf-with-dsym";
				ENABLE_NS_ASSERTIONS = NO;
				ENABLE_STRICT_OBJC_MSGSEND = YES;
				ENABLE_USER_SCRIPT_SANDBOXING = YES;
				GCC_C_LANGUAGE_STANDARD = gnu17;
				GCC_NO_COMMON_BLOCKS = YES;
				GCC_WARN_64_TO_32_BIT_CONVERSION = YES;
				GCC_WARN_ABOUT_RETURN_TYPE = YES_ERROR;
				GCC_WARN_UNDECLARED_SELECTOR = YES;
				GCC_WARN_UNINITIALIZED_AUTOS = YES_AGGRESSIVE;
				GCC_WARN_UNUSED_FUNCTION = YES;
				GCC_WARN_UNUSED_VARIABLE = YES;
				IPHONEOS_DEPLOYMENT_TARGET = 17.5;
				LOCALIZATION_PREFERS_STRING_CATALOGS = YES;
				MTL_ENABLE_DEBUG_INFO = NO;
				MTL_FAST_MATH = YES;
				SDKROOT = iphoneos;
				SWIFT_COMPILATION_MODE = wholemodule;
				VALIDATE_PRODUCT = YES;
			};
			name = Release;
		};
		407E8B642CBA2E8500D58055 /* Debug */ = {
			isa = XCBuildConfiguration;
			buildSettings = {
				ALWAYS_EMBED_SWIFT_STANDARD_LIBRARIES = YES;
				ASSETCATALOG_COMPILER_APPICON_NAME = AppIcon;
				ASSETCATALOG_COMPILER_GLOBAL_ACCENT_COLOR_NAME = AccentColor;
				CODE_SIGN_STYLE = Automatic;
				CURRENT_PROJECT_VERSION = 1;
				DEVELOPMENT_TEAM = M9MT23QW7V;
				GENERATE_INFOPLIST_FILE = YES;
				INFOPLIST_FILE = "Project19 - JavaScriptInjection/Info.plist";
				INFOPLIST_KEY_UIApplicationSupportsIndirectInputEvents = YES;
				INFOPLIST_KEY_UILaunchStoryboardName = LaunchScreen;
				INFOPLIST_KEY_UIMainStoryboardFile = Main;
				INFOPLIST_KEY_UISupportedInterfaceOrientations_iPad = "UIInterfaceOrientationPortrait UIInterfaceOrientationPortraitUpsideDown UIInterfaceOrientationLandscapeLeft UIInterfaceOrientationLandscapeRight";
				INFOPLIST_KEY_UISupportedInterfaceOrientations_iPhone = "UIInterfaceOrientationPortrait UIInterfaceOrientationLandscapeLeft UIInterfaceOrientationLandscapeRight";
				LD_RUNPATH_SEARCH_PATHS = (
					"$(inherited)",
					"@executable_path/Frameworks",
				);
				MARKETING_VERSION = 1.0;
				PRODUCT_BUNDLE_IDENTIFIER = "noahpope.Project19---JavaScriptInjection";
				PRODUCT_NAME = "$(TARGET_NAME)";
				SWIFT_EMIT_LOC_STRINGS = YES;
				SWIFT_VERSION = 5.0;
				TARGETED_DEVICE_FAMILY = "1,2";
			};
			name = Debug;
		};
		407E8B652CBA2E8500D58055 /* Release */ = {
			isa = XCBuildConfiguration;
			buildSettings = {
				ALWAYS_EMBED_SWIFT_STANDARD_LIBRARIES = YES;
				ASSETCATALOG_COMPILER_APPICON_NAME = AppIcon;
				ASSETCATALOG_COMPILER_GLOBAL_ACCENT_COLOR_NAME = AccentColor;
				CODE_SIGN_STYLE = Automatic;
				CURRENT_PROJECT_VERSION = 1;
				DEVELOPMENT_TEAM = M9MT23QW7V;
				GENERATE_INFOPLIST_FILE = YES;
				INFOPLIST_FILE = "Project19 - JavaScriptInjection/Info.plist";
				INFOPLIST_KEY_UIApplicationSupportsIndirectInputEvents = YES;
				INFOPLIST_KEY_UILaunchStoryboardName = LaunchScreen;
				INFOPLIST_KEY_UIMainStoryboardFile = Main;
				INFOPLIST_KEY_UISupportedInterfaceOrientations_iPad = "UIInterfaceOrientationPortrait UIInterfaceOrientationPortraitUpsideDown UIInterfaceOrientationLandscapeLeft UIInterfaceOrientationLandscapeRight";
				INFOPLIST_KEY_UISupportedInterfaceOrientations_iPhone = "UIInterfaceOrientationPortrait UIInterfaceOrientationLandscapeLeft UIInterfaceOrientationLandscapeRight";
				LD_RUNPATH_SEARCH_PATHS = (
					"$(inherited)",
					"@executable_path/Frameworks",
				);
				MARKETING_VERSION = 1.0;
				PRODUCT_BUNDLE_IDENTIFIER = "noahpope.Project19---JavaScriptInjection";
				PRODUCT_NAME = "$(TARGET_NAME)";
				SWIFT_EMIT_LOC_STRINGS = YES;
				SWIFT_VERSION = 5.0;
				TARGETED_DEVICE_FAMILY = "1,2";
			};
			name = Release;
		};
		407E8B7B2CBA30A300D58055 /* Debug */ = {
			isa = XCBuildConfiguration;
			buildSettings = {
				CODE_SIGN_STYLE = Automatic;
				CURRENT_PROJECT_VERSION = 1;
				DEVELOPMENT_TEAM = M9MT23QW7V;
				GENERATE_INFOPLIST_FILE = YES;
				INFOPLIST_FILE = Extension/Info.plist;
				INFOPLIST_KEY_CFBundleDisplayName = Extension;
				INFOPLIST_KEY_NSHumanReadableCopyright = "";
				LD_RUNPATH_SEARCH_PATHS = (
					"$(inherited)",
					"@executable_path/Frameworks",
					"@executable_path/../../Frameworks",
				);
				MARKETING_VERSION = 1.0;
				PRODUCT_BUNDLE_IDENTIFIER = "noahpope.Project19---JavaScriptInjection.Extension";
				PRODUCT_NAME = "$(TARGET_NAME)";
				SKIP_INSTALL = YES;
				SWIFT_EMIT_LOC_STRINGS = YES;
				SWIFT_VERSION = 5.0;
				TARGETED_DEVICE_FAMILY = "1,2";
			};
			name = Debug;
		};
		407E8B7C2CBA30A300D58055 /* Release */ = {
			isa = XCBuildConfiguration;
			buildSettings = {
				CODE_SIGN_STYLE = Automatic;
				CURRENT_PROJECT_VERSION = 1;
				DEVELOPMENT_TEAM = M9MT23QW7V;
				GENERATE_INFOPLIST_FILE = YES;
				INFOPLIST_FILE = Extension/Info.plist;
				INFOPLIST_KEY_CFBundleDisplayName = Extension;
				INFOPLIST_KEY_NSHumanReadableCopyright = "";
				LD_RUNPATH_SEARCH_PATHS = (
					"$(inherited)",
					"@executable_path/Frameworks",
					"@executable_path/../../Frameworks",
				);
				MARKETING_VERSION = 1.0;
				PRODUCT_BUNDLE_IDENTIFIER = "noahpope.Project19---JavaScriptInjection.Extension";
				PRODUCT_NAME = "$(TARGET_NAME)";
				SKIP_INSTALL = YES;
				SWIFT_EMIT_LOC_STRINGS = YES;
				SWIFT_VERSION = 5.0;
				TARGETED_DEVICE_FAMILY = "1,2";
			};
			name = Release;
		};
/* End XCBuildConfiguration section */

/* Begin XCConfigurationList section */
		407E8B472CBA2E7E00D58055 /* Build configuration list for PBXProject "Project19 - JavaScriptInjection" */ = {
			isa = XCConfigurationList;
			buildConfigurations = (
				407E8B612CBA2E8500D58055 /* Debug */,
				407E8B622CBA2E8500D58055 /* Release */,
			);
			defaultConfigurationIsVisible = 0;
			defaultConfigurationName = Release;
		};
		407E8B632CBA2E8500D58055 /* Build configuration list for PBXNativeTarget "Project19 - JavaScriptInjection" */ = {
			isa = XCConfigurationList;
			buildConfigurations = (
				407E8B642CBA2E8500D58055 /* Debug */,
				407E8B652CBA2E8500D58055 /* Release */,
			);
			defaultConfigurationIsVisible = 0;
			defaultConfigurationName = Release;
		};
		407E8B7A2CBA30A300D58055 /* Build configuration list for PBXNativeTarget "Extension" */ = {
			isa = XCConfigurationList;
			buildConfigurations = (
				407E8B7B2CBA30A300D58055 /* Debug */,
				407E8B7C2CBA30A300D58055 /* Release */,
			);
			defaultConfigurationIsVisible = 0;
			defaultConfigurationName = Release;
		};
/* End XCConfigurationList section */

/* Begin XCVersionGroup section */
		407E8B582CBA2E7E00D58055 /* Project19___JavaScriptInjection.xcdatamodeld */ = {
			isa = XCVersionGroup;
			children = (
				407E8B592CBA2E7E00D58055 /* Project19___JavaScriptInjection.xcdatamodel */,
			);
			currentVersion = 407E8B592CBA2E7E00D58055 /* Project19___JavaScriptInjection.xcdatamodel */;
			path = "Project19___JavaScriptInjection.xcdatamodeld";
			sourceTree = "<group>";
			versionGroupType = wrapper.xcdatamodel;
		};
/* End XCVersionGroup section */
	};
	rootObject = 407E8B442CBA2E7E00D58055 /* Project object */;
}
